{
  "name": "office-automation-system",
  "version": "0.1.0",
  "lockfileVersion": 1,
  "requires": true,
  "dependencies": {
    "@fullcalendar/common": {
      "version": "5.4.0",
      "resolved": "https://registry.npm.taobao.org/@fullcalendar/common/download/@fullcalendar/common-5.4.0.tgz",
      "integrity": "sha1-ZUdBY+Q76kRDsld8051wIWeCN98=",
      "requires": {
        "tslib": "^2.0.3"
      }
    },
    "@fullcalendar/core": {
      "version": "5.4.0",
      "resolved": "https://registry.npm.taobao.org/@fullcalendar/core/download/@fullcalendar/core-5.4.0.tgz",
      "integrity": "sha1-Qm7tQAsJSLlV6SJ1CV1hfkKL5aE=",
      "requires": {
        "@fullcalendar/common": "~5.4.0",
        "preact": "^10.0.5",
        "tslib": "^2.0.3"
      }
    },
    "@fullcalendar/daygrid": {
      "version": "5.4.0",
      "resolved": "https://registry.npm.taobao.org/@fullcalendar/daygrid/download/@fullcalendar/daygrid-5.4.0.tgz",
      "integrity": "sha1-nikIn1gWbL/qmA2hpptV4Vd5TtY=",
      "requires": {
        "@fullcalendar/common": "~5.4.0",
        "tslib": "^2.0.3"
      }
    },
    "@fullcalendar/vue": {
      "version": "5.4.0",
      "resolved": "https://registry.npm.taobao.org/@fullcalendar/vue/download/@fullcalendar/vue-5.4.0.tgz",
      "integrity": "sha1-jdMfb/NEdtQqmjFfgEnVOiNQFMM=",
      "requires": {
        "@fullcalendar/core": "~5.4.0",
        "tslib": "^2.0.3"
      }
    },
    "preact": {
      "version": "10.5.7",
      "resolved": "https://registry.npm.taobao.org/preact/download/preact-10.5.7.tgz",
      "integrity": "sha1-8dhHJVOeGPfMvqk3zz21iVZh29M="
    },
    "tslib": {
      "version": "2.0.3",
      "resolved": "https://registry.npm.taobao.org/tslib/download/tslib-2.0.3.tgz?cache=0&sync_timestamp=1602286730817&other_urls=https%3A%2F%2Fregistry.npm.taobao.org%2Ftslib%2Fdownload%2Ftslib-2.0.3.tgz",
      "integrity": "sha1-jgdBrEX8DCJuWKF7/D5kubxsphw="
    },
    "vue": {
      "version": "2.6.12",
      "resolved": "https://registry.npm.taobao.org/vue/download/vue-2.6.12.tgz",
      "integrity": "sha1-9evU+mvShpQD4pqJau1JBEVskSM="
    }
  }
}
